
Microsoft Visual Studio Solution File, Format Version 12.00
# Visual Studio 2013
VisualStudioVersion = 12.0.30110.0
MinimumVisualStudioVersion = 10.0.40219.1
Project("{FAE04EC0-301F-11D3-BF4B-00C04F79EFBC}") = "SmtpServerForUnitTest", "SmtpServerForUnitTest\SmtpServerForUnitTest.csproj", "{CDBF4E97-EB8B-4F53-A0F9-851EDDAF1822}"
EndProject
Project("{FAE04EC0-301F-11D3-BF4B-00C04F79EFBC}") = "SmtpServerForUnitTest.Test", "SmtpServerForUnitTest.Test\SmtpServerForUnitTest.Test.csproj", "{E52C3BB9-3FF7-415C-A75E-146963B0FFD0}"
EndProject
Global
	GlobalSection(SolutionConfigurationPlatforms) = preSolution
		Debug|Any CPU = Debug|Any CPU
		Release|Any CPU = Release|Any CPU
	EndGlobalSection
	GlobalSection(ProjectConfigurationPlatforms) = postSolution
		{CDBF4E97-EB8B-4F53-A0F9-851EDDAF1822}.Debug|Any CPU.ActiveCfg = Debug|Any CPU
		{CDBF4E97-EB8B-4F53-A0F9-851EDDAF1822}.Debug|Any CPU.Build.0 = Debug|Any CPU
		{CDBF4E97-EB8B-4F53-A0F9-851EDDAF1822}.Release|Any CPU.ActiveCfg = Release|Any CPU
		{CDBF4E97-EB8B-4F53-A0F9-851EDDAF1822}.Release|Any CPU.Build.0 = Release|Any CPU
		{E52C3BB9-3FF7-415C-A75E-146963B0FFD0}.Debug|Any CPU.ActiveCfg = Debug|Any CPU
		{E52C3BB9-3FF7-415C-A75E-146963B0FFD0}.Debug|Any CPU.Build.0 = Debug|Any CPU
		{E52C3BB9-3FF7-415C-A75E-146963B0FFD0}.Release|Any CPU.ActiveCfg = Release|Any CPU
		{E52C3BB9-3FF7-415C-A75E-146963B0FFD0}.Release|Any CPU.Build.0 = Release|Any CPU
	EndGlobalSection
	GlobalSection(SolutionProperties) = preSolution
		HideSolutionNode = FALSE
	EndGlobalSection
EndGlobal
